
Microsoft Visual Studio Solution File, Format Version 12.00
# Visual Studio Version 16
VisualStudioVersion = 16.0.30204.135
MinimumVisualStudioVersion = 10.0.40219.1
Project("{FAE04EC0-301F-11D3-BF4B-00C04F79EFBC}") = "xF_WF_1", "xF_WF_1\xF_WF_1.csproj", "{7ECD3DC8-4FFB-4F7C-A490-F2C2BF3D27EF}"
EndProject
Global
	GlobalSection(SolutionConfigurationPlatforms) = preSolution
		Debug|Any CPU = Debug|Any CPU
		Release|Any CPU = Release|Any CPU
	EndGlobalSection
	GlobalSection(ProjectConfigurationPlatforms) = postSolution
		{7ECD3DC8-4FFB-4F7C-A490-F2C2BF3D27EF}.Debug|Any CPU.ActiveCfg = Debug|Any CPU
		{7ECD3DC8-4FFB-4F7C-A490-F2C2BF3D27EF}.Debug|Any CPU.Build.0 = Debug|Any CPU
		{7ECD3DC8-4FFB-4F7C-A490-F2C2BF3D27EF}.Release|Any CPU.ActiveCfg = Release|Any CPU
		{7ECD3DC8-4FFB-4F7C-A490-F2C2BF3D27EF}.Release|Any CPU.Build.0 = Release|Any CPU
	EndGlobalSection
	GlobalSection(SolutionProperties) = preSolution
		HideSolutionNode = FALSE
	EndGlobalSection
	GlobalSection(ExtensibilityGlobals) = postSolution
		SolutionGuid = {E4203539-337F-41A2-BFA8-BBFCB9F4EBE4}
	EndGlobalSection
EndGlobal
